
Microsoft Visual Studio Solution File, Format Version 12.00
# Visual Studio Version 17
VisualStudioVersion = 17.6.33723.286
MinimumVisualStudioVersion = 10.0.40219.1
Project("{FAE04EC0-301F-11D3-BF4B-00C04F79EFBC}") = "HubPro", "HubPro\HubPro.csproj", "{59D9D625-E6B9-4998-8927-CB79472327FC}"
EndProject
Global
	GlobalSection(SolutionConfigurationPlatforms) = preSolution
		Debug|Any CPU = Debug|Any CPU
		Release|Any CPU = Release|Any CPU
	EndGlobalSection
	GlobalSection(ProjectConfigurationPlatforms) = postSolution
		{59D9D625-E6B9-4998-8927-CB79472327FC}.Debug|Any CPU.ActiveCfg = Debug|Any CPU
		{59D9D625-E6B9-4998-8927-CB79472327FC}.Debug|Any CPU.Build.0 = Debug|Any CPU
		{59D9D625-E6B9-4998-8927-CB79472327FC}.Release|Any CPU.ActiveCfg = Release|Any CPU
		{59D9D625-E6B9-4998-8927-CB79472327FC}.Release|Any CPU.Build.0 = Release|Any CPU
	EndGlobalSection
	GlobalSection(SolutionProperties) = preSolution
		HideSolutionNode = FALSE
	EndGlobalSection
	GlobalSection(ExtensibilityGlobals) = postSolution
		SolutionGuid = {36DEC0CC-C060-4AB1-955E-4E1FD9A6DCE6}
	EndGlobalSection
EndGlobal
